{
    "requires": true,
    "lockfileVersion": 1,
    "dependencies": {
        "tabler-icons": {
            "version": "1.5.0",
            "resolved": "https://registry.npmjs.org/tabler-icons/-/tabler-icons-1.5.0.tgz",
            "integrity": "sha512-2LwCu67chBbe9gtpOsWeb1akC2tTbFnTqdgA9r4nDMy2bc+rsd7kx7TXaPN1vJnm4e3BpZTNmTrRZIKfSY/aZQ=="
        }
    }
}
